
Microsoft Visual Studio Solution File, Format Version 12.00
# Visual Studio Version 17
VisualStudioVersion = 17.11.35327.3
MinimumVisualStudioVersion = 10.0.40219.1
Project("{FAE04EC0-301F-11D3-BF4B-00C04F79EFBC}") = "Multiplesof3or5Ex", "Multiplesof3or5Ex\Multiplesof3or5Ex.csproj", "{3F9FCFA7-D397-4B67-8869-839A2C459062}"
EndProject
Global
	GlobalSection(SolutionConfigurationPlatforms) = preSolution
		Debug|Any CPU = Debug|Any CPU
		Release|Any CPU = Release|Any CPU
	EndGlobalSection
	GlobalSection(ProjectConfigurationPlatforms) = postSolution
		{3F9FCFA7-D397-4B67-8869-839A2C459062}.Debug|Any CPU.ActiveCfg = Debug|Any CPU
		{3F9FCFA7-D397-4B67-8869-839A2C459062}.Debug|Any CPU.Build.0 = Debug|Any CPU
		{3F9FCFA7-D397-4B67-8869-839A2C459062}.Release|Any CPU.ActiveCfg = Release|Any CPU
		{3F9FCFA7-D397-4B67-8869-839A2C459062}.Release|Any CPU.Build.0 = Release|Any CPU
	EndGlobalSection
	GlobalSection(SolutionProperties) = preSolution
		HideSolutionNode = FALSE
	EndGlobalSection
	GlobalSection(ExtensibilityGlobals) = postSolution
		SolutionGuid = {7D041934-C844-4B52-9A41-0AFD947C4032}
	EndGlobalSection
EndGlobal
